
Microsoft Visual Studio Solution File, Format Version 12.00
# Visual Studio Version 17
VisualStudioVersion = 17.9.34616.47
MinimumVisualStudioVersion = 10.0.40219.1
Project("{FAE04EC0-301F-11D3-BF4B-00C04F79EFBC}") = "guiter_edit_code", "guiter_edit_code\guiter_edit_code.csproj", "{4505A114-E788-47EE-9DF7-389B639B1E8C}"
EndProject
Global
	GlobalSection(SolutionConfigurationPlatforms) = preSolution
		Debug|Any CPU = Debug|Any CPU
		Release|Any CPU = Release|Any CPU
	EndGlobalSection
	GlobalSection(ProjectConfigurationPlatforms) = postSolution
		{4505A114-E788-47EE-9DF7-389B639B1E8C}.Debug|Any CPU.ActiveCfg = Debug|Any CPU
		{4505A114-E788-47EE-9DF7-389B639B1E8C}.Debug|Any CPU.Build.0 = Debug|Any CPU
		{4505A114-E788-47EE-9DF7-389B639B1E8C}.Release|Any CPU.ActiveCfg = Release|Any CPU
		{4505A114-E788-47EE-9DF7-389B639B1E8C}.Release|Any CPU.Build.0 = Release|Any CPU
	EndGlobalSection
	GlobalSection(SolutionProperties) = preSolution
		HideSolutionNode = FALSE
	EndGlobalSection
	GlobalSection(ExtensibilityGlobals) = postSolution
		SolutionGuid = {5D05CA29-B907-4F81-A2C9-382FF596B898}
	EndGlobalSection
EndGlobal
